{
  "nodes": {
    "blank": {
      "locked": {
        "lastModified": 1630400035,
        "narHash": "sha256-MWaVOCzuFwp09wZIW9iHq5wWen5C69I940N1swZLEQ0=",
        "owner": "input-output-hk",
        "repo": "empty-flake",
        "rev": "2040a05b67bf9a669ce17eca56beb14b4206a99a",
        "type": "github"
      },
      "original": {
        "owner": "input-output-hk",
        "repo": "empty-flake",
        "type": "github"
      }
    },
    "cardano-dbsync": {
      "flake": false,
      "locked": {
        "lastModified": 1720817009,
        "narHash": "sha256-FGcAR160WhZvnhdeyWDaKSltcY6jqv0q/B9CUtj24hc=",
        "owner": "IntersectMBO",
        "repo": "cardano-db-sync",
        "rev": "d21895fec3a9445493b6ff4aa61b8dcb5153de1e",
        "type": "github"
      },
      "original": {
        "owner": "IntersectMBO",
        "ref": "13.5.0.2",
        "repo": "cardano-db-sync",
        "type": "github"
      }
    },
    "cardano-nix": {
      "flake": false,
      "locked": {
        "lastModified": 1723187995,
        "narHash": "sha256-tzDJrakcsxzUN5IXJ6UkpPg/udbsqLnsrjNLZMNohgg=",
        "owner": "tgunnoe",
        "repo": "cardano.nix",
        "rev": "9f88a5ba4e61e0278943081c0b1b093ab1eafcd8",
        "type": "github"
      },
      "original": {
        "owner": "tgunnoe",
        "ref": "add-darwin",
        "repo": "cardano.nix",
        "type": "github"
      }
    },
    "cardano-node": {
      "flake": false,
      "locked": {
        "lastModified": 1721843629,
        "narHash": "sha256-F5wgRA820x16f+8c/LlEEBG0rMJIA1XWw6X0ZwX5UWs=",
        "owner": "IntersectMBO",
        "repo": "cardano-node",
        "rev": "176f99e51155cb3eaa0711db1c3c969d67438958",
        "type": "github"
      },
      "original": {
        "owner": "IntersectMBO",
        "ref": "9.1.1",
        "repo": "cardano-node",
        "type": "github"
      }
    },
    "configurations": {
      "flake": false,
      "locked": {
        "lastModified": 1721870874,
        "narHash": "sha256-qiReN+xxtbb4kEfdIWbBcqcJpPGD8he0p/TVD7U3CqM=",
        "owner": "input-output-hk",
        "repo": "cardano-configurations",
        "rev": "7969a73e5c7ee1f3b2a40274b34191fdd8de170b",
        "type": "github"
      },
      "original": {
        "owner": "input-output-hk",
        "repo": "cardano-configurations",
        "type": "github"
      }
    },
    "devshell": {
      "inputs": {
        "nixpkgs": [
          "nixpkgs"
        ],
        "systems": "systems"
      },
      "locked": {
        "lastModified": 1701787589,
        "narHash": "sha256-ce+oQR4Zq9VOsLoh9bZT8Ip9PaMLcjjBUHVPzW5d7Cw=",
        "owner": "numtide",
        "repo": "devshell",
        "rev": "44ddedcbcfc2d52a76b64fb6122f209881bd3e1e",
        "type": "github"
      },
      "original": {
        "owner": "numtide",
        "repo": "devshell",
        "type": "github"
      }
    },
    "fenix": {
      "inputs": {
        "nixpkgs": [
          "nixpkgs"
        ],
        "rust-analyzer-src": "rust-analyzer-src"
      },
      "locked": {
        "lastModified": 1702448575,
        "narHash": "sha256-Gm8lI5vumDEryeUI+bT8w0AIvbolZIGh0F/E0mQSLcw=",
        "owner": "nix-community",
        "repo": "fenix",
        "rev": "dcf3ca909bd069e6a5737461b64c8d894c6dee85",
        "type": "github"
      },
      "original": {
        "owner": "nix-community",
        "repo": "fenix",
        "type": "github"
      }
    },
    "flake-compat": {
      "flake": false,
      "locked": {
        "lastModified": 1647532380,
        "narHash": "sha256-wswAxyO8AJTH7d5oU8VK82yBCpqwA+p6kLgpb1f1PAY=",
        "owner": "input-output-hk",
        "repo": "flake-compat",
        "rev": "7da118186435255a30b5ffeabba9629c344c0bec",
        "type": "github"
      },
      "original": {
        "owner": "input-output-hk",
        "ref": "fixes",
        "repo": "flake-compat",
        "type": "github"
      }
    },
    "flake-parts": {
      "inputs": {
        "nixpkgs-lib": "nixpkgs-lib"
      },
      "locked": {
        "lastModified": 1701473968,
        "narHash": "sha256-YcVE5emp1qQ8ieHUnxt1wCZCC3ZfAS+SRRWZ2TMda7E=",
        "owner": "hercules-ci",
        "repo": "flake-parts",
        "rev": "34fed993f1674c8d06d58b37ce1e0fe5eebcb9f5",
        "type": "github"
      },
      "original": {
        "owner": "hercules-ci",
        "repo": "flake-parts",
        "type": "github"
      }
    },
    "nixpkgs": {
      "locked": {
        "lastModified": 1712122226,
        "narHash": "sha256-pmgwKs8Thu1WETMqCrWUm0CkN1nmCKX3b51+EXsAZyY=",
        "owner": "NixOS",
        "repo": "nixpkgs",
        "rev": "08b9151ed40350725eb40b1fe96b0b86304a654b",
        "type": "github"
      },
      "original": {
        "owner": "NixOS",
        "ref": "nixos-unstable",
        "repo": "nixpkgs",
        "type": "github"
      }
    },
    "nixpkgs-lib": {
      "locked": {
        "dir": "lib",
        "lastModified": 1701253981,
        "narHash": "sha256-ztaDIyZ7HrTAfEEUt9AtTDNoCYxUdSd6NrRHaYOIxtk=",
        "owner": "NixOS",
        "repo": "nixpkgs",
        "rev": "e92039b55bcd58469325ded85d4f58dd5a4eaf58",
        "type": "github"
      },
      "original": {
        "dir": "lib",
        "owner": "NixOS",
        "ref": "nixos-unstable",
        "repo": "nixpkgs",
        "type": "github"
      }
    },
    "process-compose": {
      "locked": {
        "lastModified": 1701368682,
        "narHash": "sha256-YkZbzfOkv68YOX4fK6VQvNHpysyZ/x3gePL3wbo8giA=",
        "owner": "Platonic-Systems",
        "repo": "process-compose-flake",
        "rev": "8edcd4de7c631eac2ce5f8e2a0782e0ca606da9b",
        "type": "github"
      },
      "original": {
        "owner": "Platonic-Systems",
        "repo": "process-compose-flake",
        "type": "github"
      }
    },
    "root": {
      "inputs": {
        "blank": "blank",
        "cardano-dbsync": "cardano-dbsync",
        "cardano-nix": "cardano-nix",
        "cardano-node": "cardano-node",
        "configurations": "configurations",
        "devshell": "devshell",
        "fenix": "fenix",
        "flake-compat": "flake-compat",
        "flake-parts": "flake-parts",
        "nixpkgs": "nixpkgs",
        "process-compose": "process-compose",
        "services-flake": "services-flake",
        "smart-contracts": "smart-contracts"
      }
    },
    "rust-analyzer-src": {
      "flake": false,
      "locked": {
        "lastModified": 1702418101,
        "narHash": "sha256-XyrXFAiMS5r9Kl4lPpmkTTclPKGwJBxln6enERe5nvk=",
        "owner": "rust-lang",
        "repo": "rust-analyzer",
        "rev": "b3af1916ccfb85233571ce9ecb45a3a7c74ba0fb",
        "type": "github"
      },
      "original": {
        "owner": "rust-lang",
        "ref": "nightly",
        "repo": "rust-analyzer",
        "type": "github"
      }
    },
    "services-flake": {
      "locked": {
        "lastModified": 1701369356,
        "narHash": "sha256-dG76HIfz72mChsNa7ZDFYHlK/PzyU7tUtBIskaMdR9E=",
        "owner": "tgunnoe",
        "repo": "services-flake",
        "rev": "292e978eae9d0db205f6e0cfdf8fa798c964fabb",
        "type": "github"
      },
      "original": {
        "owner": "tgunnoe",
        "repo": "services-flake",
        "type": "github"
      }
    },
    "smart-contracts": {
      "flake": false,
      "locked": {
        "lastModified": 1725455151,
        "narHash": "sha256-An+WDeHBRIR9luH4YIa7mxP4d4+8Xsk16ZsHr4ZuO2M=",
        "owner": "input-output-hk",
        "repo": "partner-chains-smart-contracts",
        "rev": "1ce9c07c30d7bb8e5e28d3f8cdca5c08aaf26122",
        "type": "github"
      },
      "original": {
        "owner": "input-output-hk",
        "repo": "partner-chains-smart-contracts",
        "type": "github"
      }
    },
    "systems": {
      "locked": {
        "lastModified": 1681028828,
        "narHash": "sha256-Vy1rq5AaRuLzOxct8nz4T6wlgyUR7zLU309k9mBC768=",
        "owner": "nix-systems",
        "repo": "default",
        "rev": "da67096a3b9bf56a91d16901293e51ba5b49a27e",
        "type": "github"
      },
      "original": {
        "owner": "nix-systems",
        "repo": "default",
        "type": "github"
      }
    }
  },
  "root": "root",
  "version": 7
}
